
Microsoft Visual Studio Solution File, Format Version 12.00
# Visual Studio 15
VisualStudioVersion = 15.0.27004.2002
MinimumVisualStudioVersion = 10.0.40219.1
Project("{FAE04EC0-301F-11D3-BF4B-00C04F79EFBC}") = "RandomDataGenerator", "RandomDataGenerator\RandomDataGenerator.csproj", "{FD7B7874-6B04-4C57-9A9D-B4F02C5D2D3A}"
EndProject
Project("{FAE04EC0-301F-11D3-BF4B-00C04F79EFBC}") = "RandomDataGenerator.Tests", "RandomDataGenerator.Tests\RandomDataGenerator.Tests.csproj", "{74B6F88A-9A0C-4C58-B57C-6EF96637B53C}"
EndProject
Global
	GlobalSection(SolutionConfigurationPlatforms) = preSolution
		Debug|Any CPU = Debug|Any CPU
		Release|Any CPU = Release|Any CPU
	EndGlobalSection
	GlobalSection(ProjectConfigurationPlatforms) = postSolution
		{FD7B7874-6B04-4C57-9A9D-B4F02C5D2D3A}.Debug|Any CPU.ActiveCfg = Debug|Any CPU
		{FD7B7874-6B04-4C57-9A9D-B4F02C5D2D3A}.Debug|Any CPU.Build.0 = Debug|Any CPU
		{FD7B7874-6B04-4C57-9A9D-B4F02C5D2D3A}.Release|Any CPU.ActiveCfg = Release|Any CPU
		{FD7B7874-6B04-4C57-9A9D-B4F02C5D2D3A}.Release|Any CPU.Build.0 = Release|Any CPU
		{74B6F88A-9A0C-4C58-B57C-6EF96637B53C}.Debug|Any CPU.ActiveCfg = Debug|Any CPU
		{74B6F88A-9A0C-4C58-B57C-6EF96637B53C}.Debug|Any CPU.Build.0 = Debug|Any CPU
		{74B6F88A-9A0C-4C58-B57C-6EF96637B53C}.Release|Any CPU.ActiveCfg = Release|Any CPU
		{74B6F88A-9A0C-4C58-B57C-6EF96637B53C}.Release|Any CPU.Build.0 = Release|Any CPU
	EndGlobalSection
	GlobalSection(SolutionProperties) = preSolution
		HideSolutionNode = FALSE
	EndGlobalSection
	GlobalSection(ExtensibilityGlobals) = postSolution
		SolutionGuid = {ACFEB0A4-13F6-400F-BD02-44015CF384FB}
	EndGlobalSection
EndGlobal
